
Microsoft Visual Studio Solution File, Format Version 12.00
# Visual Studio Version 17
VisualStudioVersion = 17.3.32825.248
MinimumVisualStudioVersion = 10.0.40219.1
Project("{FAE04EC0-301F-11D3-BF4B-00C04F79EFBC}") = "MailUtils.NET", "MailUtils.NET\MailUtils.NET.csproj", "{7C089DE1-682B-4B3C-A050-6D6967569524}"
EndProject
Global
	GlobalSection(SolutionConfigurationPlatforms) = preSolution
		Debug|Any CPU = Debug|Any CPU
		PROD|Any CPU = PROD|Any CPU
		Release|Any CPU = Release|Any CPU
		UAT|Any CPU = UAT|Any CPU
	EndGlobalSection
	GlobalSection(ProjectConfigurationPlatforms) = postSolution
		{7C089DE1-682B-4B3C-A050-6D6967569524}.Debug|Any CPU.ActiveCfg = Debug|Any CPU
		{7C089DE1-682B-4B3C-A050-6D6967569524}.Debug|Any CPU.Build.0 = Debug|Any CPU
		{7C089DE1-682B-4B3C-A050-6D6967569524}.PROD|Any CPU.ActiveCfg = PROD|Any CPU
		{7C089DE1-682B-4B3C-A050-6D6967569524}.PROD|Any CPU.Build.0 = PROD|Any CPU
		{7C089DE1-682B-4B3C-A050-6D6967569524}.Release|Any CPU.ActiveCfg = Release|Any CPU
		{7C089DE1-682B-4B3C-A050-6D6967569524}.Release|Any CPU.Build.0 = Release|Any CPU
		{7C089DE1-682B-4B3C-A050-6D6967569524}.UAT|Any CPU.ActiveCfg = UAT|Any CPU
		{7C089DE1-682B-4B3C-A050-6D6967569524}.UAT|Any CPU.Build.0 = UAT|Any CPU
	EndGlobalSection
	GlobalSection(SolutionProperties) = preSolution
		HideSolutionNode = FALSE
	EndGlobalSection
	GlobalSection(ExtensibilityGlobals) = postSolution
		SolutionGuid = {2C94A18F-8168-4B6A-82CE-1376FBF0DA3B}
	EndGlobalSection
EndGlobal
